{
  "name": "librechurch-website",
  "version": "0.2.12",
  "lockfileVersion": 2,
  "requires": true,
  "packages": {
    "": {
      "name": "librechurch-website",
      "version": "0.2.12",
      "license": "MIT",
      "devDependencies": {
        "serve-reload": "^1.0.1"
      }
    },
    "node_modules/serve-reload": {
      "version": "1.0.1",
      "resolved": "https://registry.npmjs.org/serve-reload/-/serve-reload-1.0.1.tgz",
      "integrity": "sha512-7tl9TMxsA9vl1ft3aOK5ewsdF+Ezgmo0Q/CLnUH88Jg49ZjKy+MGEj8xdU7ZRrPA5htQCxQLr2ZFKuQbMoHTZQ==",
      "dev": true,
      "license": "MIT",
      "bin": {
        "serve-reload": "dist/cli.js"
      },
      "engines": {
        "node": ">=18"
      }
    }
  },
  "dependencies": {
    "serve-reload": {
      "version": "1.0.1",
      "resolved": "https://registry.npmjs.org/serve-reload/-/serve-reload-1.0.1.tgz",
      "integrity": "sha512-7tl9TMxsA9vl1ft3aOK5ewsdF+Ezgmo0Q/CLnUH88Jg49ZjKy+MGEj8xdU7ZRrPA5htQCxQLr2ZFKuQbMoHTZQ==",
      "dev": true
    }
  }
}
